
Microsoft Visual Studio Solution File, Format Version 12.00
# Visual Studio Version 17
VisualStudioVersion = 17.2.32630.192
MinimumVisualStudioVersion = 10.0.40219.1
Project("{9A19103F-16F7-4668-BE54-9A1E7A4F7556}") = "ToDo.List.Api", "src\ToDo.List.Api\ToDo.List.Api.csproj", "{2A1C301A-8C46-425B-A4E7-3794A4F73887}"
EndProject
Project("{9A19103F-16F7-4668-BE54-9A1E7A4F7556}") = "ToDo.List.Api.Tests.Unit", "test\ToDo.List.Api.Tests.Unit\ToDo.List.Api.Tests.Unit.csproj", "{8BF9CD54-D649-45B9-9055-73F2C6B880B1}"
EndProject
Project("{FAE04EC0-301F-11D3-BF4B-00C04F79EFBC}") = "ToDo.List.Data", "src\ToDo.List.Data\ToDo.List.Data.csproj", "{8731383E-C861-4535-BA3D-A405F819E838}"
EndProject
Global
	GlobalSection(SolutionConfigurationPlatforms) = preSolution
		Debug|Any CPU = Debug|Any CPU
		Release|Any CPU = Release|Any CPU
	EndGlobalSection
	GlobalSection(ProjectConfigurationPlatforms) = postSolution
		{2A1C301A-8C46-425B-A4E7-3794A4F73887}.Debug|Any CPU.ActiveCfg = Debug|Any CPU
		{2A1C301A-8C46-425B-A4E7-3794A4F73887}.Debug|Any CPU.Build.0 = Debug|Any CPU
		{2A1C301A-8C46-425B-A4E7-3794A4F73887}.Release|Any CPU.ActiveCfg = Release|Any CPU
		{2A1C301A-8C46-425B-A4E7-3794A4F73887}.Release|Any CPU.Build.0 = Release|Any CPU
		{8BF9CD54-D649-45B9-9055-73F2C6B880B1}.Debug|Any CPU.ActiveCfg = Debug|Any CPU
		{8BF9CD54-D649-45B9-9055-73F2C6B880B1}.Debug|Any CPU.Build.0 = Debug|Any CPU
		{8BF9CD54-D649-45B9-9055-73F2C6B880B1}.Release|Any CPU.ActiveCfg = Release|Any CPU
		{8BF9CD54-D649-45B9-9055-73F2C6B880B1}.Release|Any CPU.Build.0 = Release|Any CPU
		{8731383E-C861-4535-BA3D-A405F819E838}.Debug|Any CPU.ActiveCfg = Debug|Any CPU
		{8731383E-C861-4535-BA3D-A405F819E838}.Debug|Any CPU.Build.0 = Debug|Any CPU
		{8731383E-C861-4535-BA3D-A405F819E838}.Release|Any CPU.ActiveCfg = Release|Any CPU
		{8731383E-C861-4535-BA3D-A405F819E838}.Release|Any CPU.Build.0 = Release|Any CPU
	EndGlobalSection
	GlobalSection(SolutionProperties) = preSolution
		HideSolutionNode = FALSE
	EndGlobalSection
	GlobalSection(ExtensibilityGlobals) = postSolution
		SolutionGuid = {5CC84E02-D901-4A0F-A2C5-D8A766AA182D}
	EndGlobalSection
EndGlobal
